
Microsoft Visual Studio Solution File, Format Version 12.00
# Visual Studio Version 17
VisualStudioVersion = 17.5.002.0
MinimumVisualStudioVersion = 10.0.40219.1
Project("{9A19103F-16F7-4668-BE54-9A1E7A4F7556}") = "mask", "mask.csproj", "{DD519CB9-9678-4AC6-A804-8CB894855CDE}"
EndProject
Global
	GlobalSection(SolutionConfigurationPlatforms) = preSolution
		Debug|Any CPU = Debug|Any CPU
		Release|Any CPU = Release|Any CPU
	EndGlobalSection
	GlobalSection(ProjectConfigurationPlatforms) = postSolution
		{DD519CB9-9678-4AC6-A804-8CB894855CDE}.Debug|Any CPU.ActiveCfg = Debug|Any CPU
		{DD519CB9-9678-4AC6-A804-8CB894855CDE}.Debug|Any CPU.Build.0 = Debug|Any CPU
		{DD519CB9-9678-4AC6-A804-8CB894855CDE}.Release|Any CPU.ActiveCfg = Release|Any CPU
		{DD519CB9-9678-4AC6-A804-8CB894855CDE}.Release|Any CPU.Build.0 = Release|Any CPU
	EndGlobalSection
	GlobalSection(SolutionProperties) = preSolution
		HideSolutionNode = FALSE
	EndGlobalSection
	GlobalSection(ExtensibilityGlobals) = postSolution
		SolutionGuid = {C3AE030C-39FA-4175-B456-0F52C355C46B}
	EndGlobalSection
EndGlobal
